{
  "name": "21-card-game",
  "version": "1.0.0",
  "lockfileVersion": 3,
  "requires": true,
  "packages": {
    "": {
      "name": "21-card-game",
      "version": "1.0.0",
      "license": "ISC",
      "dependencies": {
        "cards": "^2.0.3"
      }
    },
    "node_modules/cards": {
      "version": "2.0.3",
      "resolved": "https://registry.npmjs.org/cards/-/cards-2.0.3.tgz",
      "integrity": "sha512-Mm2Pr2O8retq7ipkzlekPvoDdGVl7hX23PYMRHgFkHl+0gJ218n0EDkeNB4uPgx0PuG+LKR5rdQb0sOGGqcDiA=="
    }
  }
}
